
Microsoft Visual Studio Solution File, Format Version 12.00
# Visual Studio Version 17
VisualStudioVersion = 17.9.34728.123
MinimumVisualStudioVersion = 10.0.40219.1
Project("{FAE04EC0-301F-11D3-BF4B-00C04F79EFBC}") = "DynamicCodeExecutionAPI", "DynamicCodeExecutionAPI\DynamicCodeExecutionAPI.csproj", "{2D25D2A9-3FDB-4C20-BA7B-DC65A3DC021A}"
EndProject
Global
	GlobalSection(SolutionConfigurationPlatforms) = preSolution
		Debug|Any CPU = Debug|Any CPU
		Release|Any CPU = Release|Any CPU
	EndGlobalSection
	GlobalSection(ProjectConfigurationPlatforms) = postSolution
		{2D25D2A9-3FDB-4C20-BA7B-DC65A3DC021A}.Debug|Any CPU.ActiveCfg = Debug|Any CPU
		{2D25D2A9-3FDB-4C20-BA7B-DC65A3DC021A}.Debug|Any CPU.Build.0 = Debug|Any CPU
		{2D25D2A9-3FDB-4C20-BA7B-DC65A3DC021A}.Release|Any CPU.ActiveCfg = Release|Any CPU
		{2D25D2A9-3FDB-4C20-BA7B-DC65A3DC021A}.Release|Any CPU.Build.0 = Release|Any CPU
	EndGlobalSection
	GlobalSection(SolutionProperties) = preSolution
		HideSolutionNode = FALSE
	EndGlobalSection
	GlobalSection(ExtensibilityGlobals) = postSolution
		SolutionGuid = {4A059A18-6711-4B8D-AC60-5CBB5A905178}
	EndGlobalSection
EndGlobal
